{
  "name": "sneyra",
  "version": "1.0.0",
  "lockfileVersion": 1,
  "requires": true,
  "dependencies": {
    "async-limiter": {
      "version": "1.0.0",
      "resolved": "https://registry.npmjs.org/async-limiter/-/async-limiter-1.0.0.tgz",
      "integrity": "sha512-jp/uFnooOiO+L211eZOoSyzpOITMXx1rBITauYykG3BRYPu8h0UcxsPNB04RR5vo4Tyz3+ay17tR6JVf9qzYWg=="
    },
    "bindings": {
      "version": "1.2.1",
      "resolved": "https://registry.npmjs.org/bindings/-/bindings-1.2.1.tgz",
      "integrity": "sha1-FK1hE4EtLTfXLme0ystLtyZQXxE="
    },
    "commander": {
      "version": "2.11.0",
      "resolved": "https://registry.npmjs.org/commander/-/commander-2.11.0.tgz",
      "integrity": "sha512-b0553uYA5YAEGgyYIGYROzKQ7X5RAqedkfjiZxwi0kL1g3bOaBNNZfYkzt/CL0umgD5wc9Jec2FbB98CjkMRvQ=="
    },
    "debug": {
      "version": "2.6.9",
      "resolved": "https://registry.npmjs.org/debug/-/debug-2.6.9.tgz",
      "integrity": "sha512-bC7ElrdJaJnPbAP+1EotYvqZsb3ecl5wi6Bfi6BJTUcNowp6cvspg0jXznRTKDjm/E7AdgFBVeAPVMNcKGsHMA==",
      "requires": {
        "ms": "2.0.0"
      }
    },
    "discord.js": {
      "version": "github:hydrabolt/discord.js#2531065bbda5a1e9db66299523b88e2c6b6f1c3b",
      "requires": {
        "long": "3.2.0",
        "pako": "1.0.6",
        "prism-media": "github:hydrabolt/prism-media#9245dd8d913600fd7d93a86a84926c6c0c5375fd",
        "snekfetch": "3.5.8",
        "tweetnacl": "1.0.0",
        "ws": "3.3.1"
      }
    },
    "ffmpeg-binaries": {
      "version": "3.2.2",
      "resolved": "https://registry.npmjs.org/ffmpeg-binaries/-/ffmpeg-binaries-3.2.2.tgz",
      "integrity": "sha1-Nw8wIO9rTbpipVGkJcY01sdaOiE="
    },
    "fs-nextra": {
      "version": "github:bdistin/fs-nextra#28d57535eba87c4e03436e253a17eb1cdc523730"
    },
    "html-entities": {
      "version": "1.2.1",
      "resolved": "https://registry.npmjs.org/html-entities/-/html-entities-1.2.1.tgz",
      "integrity": "sha1-DfKTUfByEWNRXfueVUPl9u7VFi8="
    },
    "klasa": {
      "version": "github:dirigeants/klasa#12616ee190fb74284ae28840603153e708549c7b",
      "requires": {
        "fs-nextra": "github:bdistin/fs-nextra#28d57535eba87c4e03436e253a17eb1cdc523730",
        "moment": "2.19.2"
      }
    },
    "long": {
      "version": "3.2.0",
      "resolved": "https://registry.npmjs.org/long/-/long-3.2.0.tgz",
      "integrity": "sha1-2CG3E4yhy1gcFymQ7xTbIAtcR0s="
    },
    "m3u8stream": {
      "version": "0.2.1",
      "resolved": "https://registry.npmjs.org/m3u8stream/-/m3u8stream-0.2.1.tgz",
      "integrity": "sha512-kESIvCcoDOZ2ozD6wGxB962E24nPLDTezIBdqfJH1HxoY/dMTRFXOfq7sXtqPQM3nQihKXlv6pYmUpf01S/tVQ==",
      "requires": {
        "miniget": "1.1.0"
      }
    },
    "miniget": {
      "version": "1.1.0",
      "resolved": "https://registry.npmjs.org/miniget/-/miniget-1.1.0.tgz",
      "integrity": "sha512-ICBPQWEoz19eyPHbXLkvjPi62xLhz2irltks35NCYqzYHO0/35IbAaBP3Bbc4VgAwmloIPEpK7CO4/omOiUfDg=="
    },
    "moment": {
      "version": "2.19.2",
      "resolved": "https://registry.npmjs.org/moment/-/moment-2.19.2.tgz",
      "integrity": "sha512-Rf6jiHPEfxp9+dlzxPTmRHbvoFXsh2L/U8hOupUMpnuecHQmI6cF6lUbJl3QqKPko1u6ujO+FxtcajLVfLpAtA=="
    },
    "moment-duration-format": {
      "version": "1.3.0",
      "resolved": "https://registry.npmjs.org/moment-duration-format/-/moment-duration-format-1.3.0.tgz",
      "integrity": "sha1-VBdxtfh6BJzGVUBHXTrZZnN9aQg="
    },
    "ms": {
      "version": "2.0.0",
      "resolved": "https://registry.npmjs.org/ms/-/ms-2.0.0.tgz",
      "integrity": "sha1-VgiurfwAvmwpAd9fmGF4jeDVl8g="
    },
    "nan": {
      "version": "2.8.0",
      "resolved": "https://registry.npmjs.org/nan/-/nan-2.8.0.tgz",
      "integrity": "sha1-7XFfP+neArV6XmJS2QqWZ14fCFo="
    },
    "node-opus": {
      "version": "0.2.7",
      "resolved": "https://registry.npmjs.org/node-opus/-/node-opus-0.2.7.tgz",
      "integrity": "sha1-W3JuKXlbCxJ7TIfmYtTegWhAV5w=",
      "requires": {
        "bindings": "1.2.1",
        "commander": "2.11.0",
        "nan": "2.8.0",
        "ogg-packet": "1.0.0"
      }
    },
    "ogg-packet": {
      "version": "1.0.0",
      "resolved": "https://registry.npmjs.org/ogg-packet/-/ogg-packet-1.0.0.tgz",
      "integrity": "sha1-RbiFchrI991c8iOR1CEGrlM6xng=",
      "optional": true,
      "requires": {
        "ref-struct": "1.1.0"
      }
    },
    "pako": {
      "version": "1.0.6",
      "resolved": "https://registry.npmjs.org/pako/-/pako-1.0.6.tgz",
      "integrity": "sha512-lQe48YPsMJAig+yngZ87Lus+NF+3mtu7DVOBu6b/gHO1YpKwIj5AWjZ/TOS7i46HD/UixzWb1zeWDZfGZ3iYcg=="
    },
    "prism-media": {
      "version": "github:hydrabolt/prism-media#9245dd8d913600fd7d93a86a84926c6c0c5375fd"
    },
    "ref": {
      "version": "1.3.5",
      "resolved": "https://registry.npmjs.org/ref/-/ref-1.3.5.tgz",
      "integrity": "sha512-2cBCniTtxcGUjDpvFfVpw323a83/0RLSGJJY5l5lcomZWhYpU2cuLdsvYqMixvsdLJ9+sTdzEkju8J8ZHDM2nA==",
      "optional": true,
      "requires": {
        "bindings": "1.2.1",
        "debug": "2.6.9",
        "nan": "2.8.0"
      }
    },
    "ref-struct": {
      "version": "1.1.0",
      "resolved": "https://registry.npmjs.org/ref-struct/-/ref-struct-1.1.0.tgz",
      "integrity": "sha1-XV7mWtQc78Olxf60BYcmHkee3BM=",
      "optional": true,
      "requires": {
        "debug": "2.6.9",
        "ref": "1.3.5"
      }
    },
    "safe-buffer": {
      "version": "5.1.1",
      "resolved": "https://registry.npmjs.org/safe-buffer/-/safe-buffer-5.1.1.tgz",
      "integrity": "sha512-kKvNJn6Mm93gAczWVJg7wH+wGYWNrDHdWvpUmHyEsgCtIwwo3bqPtV4tR5tuPaUhTOo/kvhVwd8XwwOllGYkbg=="
    },
    "sax": {
      "version": "1.2.4",
      "resolved": "https://registry.npmjs.org/sax/-/sax-1.2.4.tgz",
      "integrity": "sha512-NqVDv9TpANUjFm0N8uM5GxL36UgKi9/atZw+x7YFnQ8ckwFGKrl4xX4yWtrey3UJm5nP1kUbnYgLopqWNSRhWw=="
    },
    "snekfetch": {
      "version": "3.5.8",
      "resolved": "https://registry.npmjs.org/snekfetch/-/snekfetch-3.5.8.tgz",
      "integrity": "sha512-osq7soqKBObV4u/WE9tGQT/m5JdqTU1PWVPcT0We3sKZ99h9QA7wSj7ZWrwEwgRbELeO5BrVCanYjDYtVYcwrQ=="
    },
    "tweetnacl": {
      "version": "1.0.0",
      "resolved": "https://registry.npmjs.org/tweetnacl/-/tweetnacl-1.0.0.tgz",
      "integrity": "sha1-cT2LgY2kIGh0C/aDhtBHnmb8ins="
    },
    "ultron": {
      "version": "1.1.0",
      "resolved": "https://registry.npmjs.org/ultron/-/ultron-1.1.0.tgz",
      "integrity": "sha1-sHoualQagV/Go0zNRTO67DB8qGQ="
    },
    "ws": {
      "version": "3.3.1",
      "resolved": "https://registry.npmjs.org/ws/-/ws-3.3.1.tgz",
      "integrity": "sha512-8A/uRMnQy8KCQsmep1m7Bk+z/+LIkeF7w+TDMLtX1iZm5Hq9HsUDmgFGaW1ACW5Cj0b2Qo7wCvRhYN2ErUVp/A==",
      "requires": {
        "async-limiter": "1.0.0",
        "safe-buffer": "5.1.1",
        "ultron": "1.1.0"
      }
    },
    "ytdl-core": {
      "version": "0.18.2",
      "resolved": "https://registry.npmjs.org/ytdl-core/-/ytdl-core-0.18.2.tgz",
      "integrity": "sha512-mkQ8ZkIJvFG4XJUlrWW1l5c+USotkFcnI6OiRxYO4mRy6rvvL+jZkDs2ntKgacDb56bi7EkvoBiZ+kMR3MHXDA==",
      "requires": {
        "html-entities": "1.2.1",
        "m3u8stream": "0.2.1",
        "miniget": "1.1.0",
        "sax": "1.2.4"
      }
    }
  }
}
